
Microsoft Visual Studio Solution File, Format Version 12.00
# Visual Studio Version 17
VisualStudioVersion = 17.4.33213.308
MinimumVisualStudioVersion = 10.0.40219.1
Project("{9A19103F-16F7-4668-BE54-9A1E7A4F7556}") = "CIPlatformWeb", "CIPlatformWeb\CIPlatformWeb.csproj", "{AAE95C91-4060-4C23-A3C1-09B0B729B4C5}"
EndProject
Project("{9A19103F-16F7-4668-BE54-9A1E7A4F7556}") = "CIPlatform.entities", "CIPlatform.entities\CIPlatform.entities.csproj", "{6393BBC0-CAEE-4655-B23A-6AC6DF348588}"
EndProject
Project("{9A19103F-16F7-4668-BE54-9A1E7A4F7556}") = "CIPlatform.repository", "CIPlatform.repository\CIPlatform.repository.csproj", "{DE0D4AE9-E7C2-4E16-B8B4-14FB8E65783A}"
EndProject
Project("{FAE04EC0-301F-11D3-BF4B-00C04F79EFBC}") = "CIPlatform.services", "CIProject.services\CIPlatform.services.csproj", "{56214A55-1559-4B23-A9C4-6568E7C1C598}"
EndProject
Project("{FAE04EC0-301F-11D3-BF4B-00C04F79EFBC}") = "CIPlatform.utilities", "CIPlatform.utilities\CIPlatform.utilities.csproj", "{8ADA8FA4-8F28-4553-A8D0-3AE7556A41AC}"
EndProject
Global
	GlobalSection(SolutionConfigurationPlatforms) = preSolution
		Debug|Any CPU = Debug|Any CPU
		Release|Any CPU = Release|Any CPU
	EndGlobalSection
	GlobalSection(ProjectConfigurationPlatforms) = postSolution
		{AAE95C91-4060-4C23-A3C1-09B0B729B4C5}.Debug|Any CPU.ActiveCfg = Debug|Any CPU
		{AAE95C91-4060-4C23-A3C1-09B0B729B4C5}.Debug|Any CPU.Build.0 = Debug|Any CPU
		{AAE95C91-4060-4C23-A3C1-09B0B729B4C5}.Release|Any CPU.ActiveCfg = Release|Any CPU
		{AAE95C91-4060-4C23-A3C1-09B0B729B4C5}.Release|Any CPU.Build.0 = Release|Any CPU
		{6393BBC0-CAEE-4655-B23A-6AC6DF348588}.Debug|Any CPU.ActiveCfg = Debug|Any CPU
		{6393BBC0-CAEE-4655-B23A-6AC6DF348588}.Debug|Any CPU.Build.0 = Debug|Any CPU
		{6393BBC0-CAEE-4655-B23A-6AC6DF348588}.Release|Any CPU.ActiveCfg = Release|Any CPU
		{6393BBC0-CAEE-4655-B23A-6AC6DF348588}.Release|Any CPU.Build.0 = Release|Any CPU
		{DE0D4AE9-E7C2-4E16-B8B4-14FB8E65783A}.Debug|Any CPU.ActiveCfg = Debug|Any CPU
		{DE0D4AE9-E7C2-4E16-B8B4-14FB8E65783A}.Debug|Any CPU.Build.0 = Debug|Any CPU
		{DE0D4AE9-E7C2-4E16-B8B4-14FB8E65783A}.Release|Any CPU.ActiveCfg = Release|Any CPU
		{DE0D4AE9-E7C2-4E16-B8B4-14FB8E65783A}.Release|Any CPU.Build.0 = Release|Any CPU
		{56214A55-1559-4B23-A9C4-6568E7C1C598}.Debug|Any CPU.ActiveCfg = Debug|Any CPU
		{56214A55-1559-4B23-A9C4-6568E7C1C598}.Debug|Any CPU.Build.0 = Debug|Any CPU
		{56214A55-1559-4B23-A9C4-6568E7C1C598}.Release|Any CPU.ActiveCfg = Release|Any CPU
		{56214A55-1559-4B23-A9C4-6568E7C1C598}.Release|Any CPU.Build.0 = Release|Any CPU
		{8ADA8FA4-8F28-4553-A8D0-3AE7556A41AC}.Debug|Any CPU.ActiveCfg = Debug|Any CPU
		{8ADA8FA4-8F28-4553-A8D0-3AE7556A41AC}.Debug|Any CPU.Build.0 = Debug|Any CPU
		{8ADA8FA4-8F28-4553-A8D0-3AE7556A41AC}.Release|Any CPU.ActiveCfg = Release|Any CPU
		{8ADA8FA4-8F28-4553-A8D0-3AE7556A41AC}.Release|Any CPU.Build.0 = Release|Any CPU
	EndGlobalSection
	GlobalSection(SolutionProperties) = preSolution
		HideSolutionNode = FALSE
	EndGlobalSection
	GlobalSection(ExtensibilityGlobals) = postSolution
		SolutionGuid = {E49EDFEB-CF79-45FD-8FC3-FACD759CFF2D}
	EndGlobalSection
EndGlobal
